
Microsoft Visual Studio Solution File, Format Version 12.00
# Visual Studio 15
VisualStudioVersion = 15.0.28307.438
MinimumVisualStudioVersion = 10.0.40219.1
Project("{FAE04EC0-301F-11D3-BF4B-00C04F79EFBC}") = "Application.DTOs", "Application.DTOs\Application.DTOs.csproj", "{D55A4B3A-C525-4FA4-8B81-43A6D71C2867}"
EndProject
Project("{FAE04EC0-301F-11D3-BF4B-00C04F79EFBC}") = "SerializersBenchmark", "SerializersBenchmark\SerializersBenchmark.csproj", "{92CAA293-5B46-4F81-B5D1-D7CFFEAC1DEF}"
EndProject
Global
	GlobalSection(SolutionConfigurationPlatforms) = preSolution
		Debug|Any CPU = Debug|Any CPU
		Release|Any CPU = Release|Any CPU
	EndGlobalSection
	GlobalSection(ProjectConfigurationPlatforms) = postSolution
		{D55A4B3A-C525-4FA4-8B81-43A6D71C2867}.Debug|Any CPU.ActiveCfg = Debug|Any CPU
		{D55A4B3A-C525-4FA4-8B81-43A6D71C2867}.Debug|Any CPU.Build.0 = Debug|Any CPU
		{D55A4B3A-C525-4FA4-8B81-43A6D71C2867}.Release|Any CPU.ActiveCfg = Release|Any CPU
		{D55A4B3A-C525-4FA4-8B81-43A6D71C2867}.Release|Any CPU.Build.0 = Release|Any CPU
		{92CAA293-5B46-4F81-B5D1-D7CFFEAC1DEF}.Debug|Any CPU.ActiveCfg = Debug|Any CPU
		{92CAA293-5B46-4F81-B5D1-D7CFFEAC1DEF}.Debug|Any CPU.Build.0 = Debug|Any CPU
		{92CAA293-5B46-4F81-B5D1-D7CFFEAC1DEF}.Release|Any CPU.ActiveCfg = Release|Any CPU
		{92CAA293-5B46-4F81-B5D1-D7CFFEAC1DEF}.Release|Any CPU.Build.0 = Release|Any CPU
	EndGlobalSection
	GlobalSection(SolutionProperties) = preSolution
		HideSolutionNode = FALSE
	EndGlobalSection
	GlobalSection(ExtensibilityGlobals) = postSolution
		SolutionGuid = {D656C16C-4BF3-4B5F-A34C-77D4308B82D0}
	EndGlobalSection
EndGlobal
